Microsoft Visual Studio Solution File, Format Version 12.00
# Visual Studio 2012
Project("{FAE04EC0-301F-11D3-BF4B-00C04F79EFBC}") = "QuestPermission", "QuestPermission.csproj", "{AAAF3ACE-EA66-4C9F-B5E6-447B422AE7B1}"
EndProject
Global
	GlobalSection(SolutionConfigurationPlatforms) = preSolution
	Debug|Any CPU = Debug|Any CPU
	Release|Any CPU = Release|Any CPU
	Tools|Any CPU = Tools|Any CPU
	EndGlobalSection
	GlobalSection(ProjectConfigurationPlatforms) = postSolution
		{AAAF3ACE-EA66-4C9F-B5E6-447B422AE7B1}.Debug|Any CPU.ActiveCfg = Debug|Any CPU
		{AAAF3ACE-EA66-4C9F-B5E6-447B422AE7B1}.Debug|Any CPU.Build.0 = Debug|Any CPU
		{AAAF3ACE-EA66-4C9F-B5E6-447B422AE7B1}.Release|Any CPU.ActiveCfg = Release|Any CPU
		{AAAF3ACE-EA66-4C9F-B5E6-447B422AE7B1}.Release|Any CPU.Build.0 = Release|Any CPU
		{AAAF3ACE-EA66-4C9F-B5E6-447B422AE7B1}.Tools|Any CPU.ActiveCfg = Tools|Any CPU
		{AAAF3ACE-EA66-4C9F-B5E6-447B422AE7B1}.Tools|Any CPU.Build.0 = Tools|Any CPU
	EndGlobalSection
EndGlobal
